Microsoft Visual Studio Solution File, Format Version 12.00
# Visual Studio Version 17
VisualStudioVersion = 17.5.2.0
MinimumVisualStudioVersion = 10.0.40219.1
Project("{FAE04EC0-301F-11D3-BF4B-00C04F79EFBC}") = "ApiConexSql", "ApiConexSql.csproj", "{264A5432-02F1-B7FC-FE6B-818CE8BCB79E}"
EndProject
Global
	GlobalSection(SolutionConfigurationPlatforms) = preSolution
		Debug|Any CPU = Debug|Any CPU
		Release|Any CPU = Release|Any CPU
	EndGlobalSection
	GlobalSection(ProjectConfigurationPlatforms) = postSolution
		{264A5432-02F1-B7FC-FE6B-818CE8BCB79E}.Debug|Any CPU.ActiveCfg = Debug|Any CPU
		{264A5432-02F1-B7FC-FE6B-818CE8BCB79E}.Debug|Any CPU.Build.0 = Debug|Any CPU
		{264A5432-02F1-B7FC-FE6B-818CE8BCB79E}.Release|Any CPU.ActiveCfg = Release|Any CPU
		{264A5432-02F1-B7FC-FE6B-818CE8BCB79E}.Release|Any CPU.Build.0 = Release|Any CPU
	EndGlobalSection
	GlobalSection(SolutionProperties) = preSolution
		HideSolutionNode = FALSE
	EndGlobalSection
	GlobalSection(ExtensibilityGlobals) = postSolution
		SolutionGuid = {C7423DC1-0703-4465-8CF4-06E4108060F3}
	EndGlobalSection
EndGlobal
